
Microsoft Visual Studio Solution File, Format Version 12.00
# Visual Studio Version 17
VisualStudioVersion = 17.5.33502.453
MinimumVisualStudioVersion = 10.0.40219.1
Project("{FAE04EC0-301F-11D3-BF4B-00C04F79EFBC}") = "Zuela.api", "Zuela.api.csproj", "{4CB266FF-66C1-4864-B536-DBA3D89B90F4}"
EndProject
Global
	GlobalSection(SolutionConfigurationPlatforms) = preSolution
		Debug|Any CPU = Debug|Any CPU
		Release|Any CPU = Release|Any CPU
	EndGlobalSection
	GlobalSection(ProjectConfigurationPlatforms) = postSolution
		{4CB266FF-66C1-4864-B536-DBA3D89B90F4}.Debug|Any CPU.ActiveCfg = Debug|Any CPU
		{4CB266FF-66C1-4864-B536-DBA3D89B90F4}.Debug|Any CPU.Build.0 = Debug|Any CPU
		{4CB266FF-66C1-4864-B536-DBA3D89B90F4}.Release|Any CPU.ActiveCfg = Release|Any CPU
		{4CB266FF-66C1-4864-B536-DBA3D89B90F4}.Release|Any CPU.Build.0 = Release|Any CPU
	EndGlobalSection
	GlobalSection(SolutionProperties) = preSolution
		HideSolutionNode = FALSE
	EndGlobalSection
	GlobalSection(ExtensibilityGlobals) = postSolution
		SolutionGuid = {3F402001-A88C-4873-B33A-EFBE7E0FD663}
	EndGlobalSection
EndGlobal
